// !$*UTF8*$!
{
	archiveVersion = 1;
	classes = {
	};
	objectVersion = 46;
	objects = {

/* Begin PBXBuildFile section */
		D71F1FAA18A4F0400073AFB8 /* App42APIHandler.m in Sources */ = {isa = PBXBuildFile; fileRef = D71F1FA918A4F0400073AFB8 /* App42APIHandler.m */; };
		D71F1FAD18A4F8630073AFB8 /* App42PersistencyManager.m in Sources */ = {isa = PBXBuildFile; fileRef = D71F1FAC18A4F8630073AFB8 /* App42PersistencyManager.m */; };
		D71F1FAF18A50ACE0073AFB8 /* Shephertz_App42_iOS_API.framework in Frameworks */ = {isa = PBXBuildFile; fileRef = D71F1FAE18A50ACE0073AFB8 /* Shephertz_App42_iOS_API.framework */; };
		D73289C718A3AD3E002135F7 /* Foundation.framework in Frameworks */ = {isa = PBXBuildFile; fileRef = D73289C618A3AD3E002135F7 /* Foundation.framework */; };
		D73289C918A3AD3E002135F7 /* CoreGraphics.framework in Frameworks */ = {isa = PBXBuildFile; fileRef = D73289C818A3AD3E002135F7 /* CoreGraphics.framework */; };
		D73289CB18A3AD3E002135F7 /* UIKit.framework in Frameworks */ = {isa = PBXBuildFile; fileRef = D73289CA18A3AD3E002135F7 /* UIKit.framework */; };
		D73289D118A3AD3E002135F7 /* InfoPlist.strings in Resources */ = {isa = PBXBuildFile; fileRef = D73289CF18A3AD3E002135F7 /* InfoPlist.strings */; };
		D73289D318A3AD3E002135F7 /* main.m in Sources */ = {isa = PBXBuildFile; fileRef = D73289D218A3AD3E002135F7 /* main.m */; };
		D73289D718A3AD3E002135F7 /* App42AppDelegate.m in Sources */ = {isa = PBXBuildFile; fileRef = D73289D618A3AD3E002135F7 /* App42AppDelegate.m */; };
		D73289DA18A3AD3E002135F7 /* Main.storyboard in Resources */ = {isa = PBXBuildFile; fileRef = D73289D818A3AD3E002135F7 /* Main.storyboard */; };
		D73289DF18A3AD3E002135F7 /* Images.xcassets in Resources */ = {isa = PBXBuildFile; fileRef = D73289DE18A3AD3E002135F7 /* Images.xcassets */; };
		D73289E618A3AD3E002135F7 /* XCTest.framework in Frameworks */ = {isa = PBXBuildFile; fileRef = D73289E518A3AD3E002135F7 /* XCTest.framework */; };
		D73289E718A3AD3E002135F7 /* Foundation.framework in Frameworks */ = {isa = PBXBuildFile; fileRef = D73289C618A3AD3E002135F7 /* Foundation.framework */; };
		D73289E818A3AD3E002135F7 /* UIKit.framework in Frameworks */ = {isa = PBXBuildFile; fileRef = D73289CA18A3AD3E002135F7 /* UIKit.framework */; };
		D73289F018A3AD3E002135F7 /* InfoPlist.strings in Resources */ = {isa = PBXBuildFile; fileRef = D73289EE18A3AD3E002135F7 /* InfoPlist.strings */; };
		D73289F218A3AD3E002135F7 /* App42MusicPlayerTests.m in Sources */ = {isa = PBXBuildFile; fileRef = D73289F118A3AD3E002135F7 /* App42MusicPlayerTests.m */; };
		D7328A0A18A3B9C4002135F7 /* App42ViewController.m in Sources */ = {isa = PBXBuildFile; fileRef = D7328A0318A3B9C4002135F7 /* App42ViewController.m */; };
		D7328A0B18A3B9C4002135F7 /* App42Album.m in Sources */ = {isa = PBXBuildFile; fileRef = D7328A0618A3B9C4002135F7 /* App42Album.m */; };
		D7328A0C18A3B9C4002135F7 /* App42AlbumView.m in Sources */ = {isa = PBXBuildFile; fileRef = D7328A0918A3B9C4002135F7 /* App42AlbumView.m */; };
/* End PBXBuildFile section */

/* Begin PBXContainerItemProxy section */
		D73289E918A3AD3E002135F7 /* PBXContainerItemProxy */ = {
			isa = PBXContainerItemProxy;
			containerPortal = D73289BB18A3AD3E002135F7 /* Project object */;
			proxyType = 1;
			remoteGlobalIDString = D73289C218A3AD3E002135F7;
			remoteInfo = App42MusicPlayer;
		};
/* End PBXContainerItemProxy section */

/* Begin PBXFileReference section */
		D71F1FA818A4F0400073AFB8 /* App42APIHandler.h */ = {isa = PBXFileReference; fileEncoding = 4; lastKnownFileType = sourcecode.c.h; path = App42APIHandler.h; sourceTree = "<group>"; };
		D71F1FA918A4F0400073AFB8 /* App42APIHandler.m */ = {isa = PBXFileReference; fileEncoding = 4; lastKnownFileType = sourcecode.c.objc; path = App42APIHandler.m; sourceTree = "<group>"; };
		D71F1FAB18A4F8630073AFB8 /* App42PersistencyManager.h */ = {isa = PBXFileReference; fileEncoding = 4; lastKnownFileType = sourcecode.c.h; path = App42PersistencyManager.h; sourceTree = "<group>"; };
		D71F1FAC18A4F8630073AFB8 /* App42PersistencyManager.m */ = {isa = PBXFileReference; fileEncoding = 4; lastKnownFileType = sourcecode.c.objc; path = App42PersistencyManager.m; sourceTree = "<group>"; };
		D71F1FAE18A50ACE0073AFB8 /* Shephertz_App42_iOS_API.framework */ = {isa = PBXFileReference; lastKnownFileType = wrapper.framework; path = Shephertz_App42_iOS_API.framework; sourceTree = "<group>"; };
		D71F1FB018A50B2D0073AFB8 /* App42Constants.h */ = {isa = PBXFileReference; lastKnownFileType = sourcecode.c.h; path = App42Constants.h; sourceTree = "<group>"; };
		D73289C318A3AD3E002135F7 /* App42MusicPlayer.app */ = {isa = PBXFileReference; explicitFileType = wrapper.application; includeInIndex = 0; path = App42MusicPlayer.app; sourceTree = BUILT_PRODUCTS_DIR; };
		D73289C618A3AD3E002135F7 /* Foundation.framework */ = {isa = PBXFileReference; lastKnownFileType = wrapper.framework; name = Foundation.framework; path = System/Library/Frameworks/Foundation.framework; sourceTree = SDKROOT; };
		D73289C818A3AD3E002135F7 /* CoreGraphics.framework */ = {isa = PBXFileReference; lastKnownFileType = wrapper.framework; name = CoreGraphics.framework; path = System/Library/Frameworks/CoreGraphics.framework; sourceTree = SDKROOT; };
		D73289CA18A3AD3E002135F7 /* UIKit.framework */ = {isa = PBXFileReference; lastKnownFileType = wrapper.framework; name = UIKit.framework; path = System/Library/Frameworks/UIKit.framework; sourceTree = SDKROOT; };
		D73289CE18A3AD3E002135F7 /* App42MusicPlayer-Info.plist */ = {isa = PBXFileReference; lastKnownFileType = text.plist.xml; path = "App42MusicPlayer-Info.plist"; sourceTree = "<group>"; };
		D73289D018A3AD3E002135F7 /* en */ = {isa = PBXFileReference; lastKnownFileType = text.plist.strings; name = en; path = en.lproj/InfoPlist.strings; sourceTree = "<group>"; };
		D73289D218A3AD3E002135F7 /* main.m */ = {isa = PBXFileReference; lastKnownFileType = sourcecode.c.objc; path = main.m; sourceTree = "<group>"; };
		D73289D418A3AD3E002135F7 /* App42MusicPlayer-Prefix.pch */ = {isa = PBXFileReference; lastKnownFileType = sourcecode.c.h; path = "App42MusicPlayer-Prefix.pch"; sourceTree = "<group>"; };
		D73289D518A3AD3E002135F7 /* App42AppDelegate.h */ = {isa = PBXFileReference; lastKnownFileType = sourcecode.c.h; path = App42AppDelegate.h; sourceTree = "<group>"; };
		D73289D618A3AD3E002135F7 /* App42AppDelegate.m */ = {isa = PBXFileReference; lastKnownFileType = sourcecode.c.objc; path = App42AppDelegate.m; sourceTree = "<group>"; };
		D73289D918A3AD3E002135F7 /* Base */ = {isa = PBXFileReference; lastKnownFileType = file.storyboard; name = Base; path = Base.lproj/Main.storyboard; sourceTree = "<group>"; };
		D73289DE18A3AD3E002135F7 /* Images.xcassets */ = {isa = PBXFileReference; lastKnownFileType = folder.assetcatalog; path = Images.xcassets; sourceTree = "<group>"; };
		D73289E418A3AD3E002135F7 /* App42MusicPlayerTests.xctest */ = {isa = PBXFileReference; explicitFileType = wrapper.cfbundle; includeInIndex = 0; path = App42MusicPlayerTests.xctest; sourceTree = BUILT_PRODUCTS_DIR; };
		D73289E518A3AD3E002135F7 /* XCTest.framework */ = {isa = PBXFileReference; lastKnownFileType = wrapper.framework; name = XCTest.framework; path = Library/Frameworks/XCTest.framework; sourceTree = DEVELOPER_DIR; };
		D73289ED18A3AD3E002135F7 /* App42MusicPlayerTests-Info.plist */ = {isa = PBXFileReference; lastKnownFileType = text.plist.xml; path = "App42MusicPlayerTests-Info.plist"; sourceTree = "<group>"; };
		D73289EF18A3AD3E002135F7 /* en */ = {isa = PBXFileReference; lastKnownFileType = text.plist.strings; name = en; path = en.lproj/InfoPlist.strings; sourceTree = "<group>"; };
		D73289F118A3AD3E002135F7 /* App42MusicPlayerTests.m */ = {isa = PBXFileReference; lastKnownFileType = sourcecode.c.objc; path = App42MusicPlayerTests.m; sourceTree = "<group>"; };
		D7328A0218A3B9C4002135F7 /* App42ViewController.h */ = {isa = PBXFileReference; fileEncoding = 4; lastKnownFileType = sourcecode.c.h; path = App42ViewController.h; sourceTree = "<group>"; };
		D7328A0318A3B9C4002135F7 /* App42ViewController.m */ = {isa = PBXFileReference; fileEncoding = 4; lastKnownFileType = sourcecode.c.objc; path = App42ViewController.m; sourceTree = "<group>"; };
		D7328A0518A3B9C4002135F7 /* App42Album.h */ = {isa = PBXFileReference; fileEncoding = 4; lastKnownFileType = sourcecode.c.h; path = App42Album.h; sourceTree = "<group>"; };
		D7328A0618A3B9C4002135F7 /* App42Album.m */ = {isa = PBXFileReference; fileEncoding = 4; lastKnownFileType = sourcecode.c.objc; path = App42Album.m; sourceTree = "<group>"; };
		D7328A0818A3B9C4002135F7 /* App42AlbumView.h */ = {isa = PBXFileReference; fileEncoding = 4; lastKnownFileType = sourcecode.c.h; path = App42AlbumView.h; sourceTree = "<group>"; };
		D7328A0918A3B9C4002135F7 /* App42AlbumView.m */ = {isa = PBXFileReference; fileEncoding = 4; lastKnownFileType = sourcecode.c.objc; path = App42AlbumView.m; sourceTree = "<group>"; };
/* End PBXFileReference section */

/* Begin PBXFrameworksBuildPhase section */
		D73289C018A3AD3E002135F7 /* Frameworks */ = {
			isa = PBXFrameworksBuildPhase;
			buildActionMask = 2147483647;
			files = (
				D73289C918A3AD3E002135F7 /* CoreGraphics.framework in Frameworks */,
				D71F1FAF18A50ACE0073AFB8 /* Shephertz_App42_iOS_API.framework in Frameworks */,
				D73289CB18A3AD3E002135F7 /* UIKit.framework in Frameworks */,
				D73289C718A3AD3E002135F7 /* Foundation.framework in Frameworks */,
			);
			runOnlyForDeploymentPostprocessing = 0;
		};
		D73289E118A3AD3E002135F7 /* Frameworks */ = {
			isa = PBXFrameworksBuildPhase;
			buildActionMask = 2147483647;
			files = (
				D73289E618A3AD3E002135F7 /* XCTest.framework in Frameworks */,
				D73289E818A3AD3E002135F7 /* UIKit.framework in Frameworks */,
				D73289E718A3AD3E002135F7 /* Foundation.framework in Frameworks */,
			);
			runOnlyForDeploymentPostprocessing = 0;
		};
/* End PBXFrameworksBuildPhase section */

/* Begin PBXGroup section */
		D71F1FA718A4F02B0073AFB8 /* App42APIHandler */ = {
			isa = PBXGroup;
			children = (
				D71F1FA818A4F0400073AFB8 /* App42APIHandler.h */,
				D71F1FA918A4F0400073AFB8 /* App42APIHandler.m */,
				D71F1FAB18A4F8630073AFB8 /* App42PersistencyManager.h */,
				D71F1FAC18A4F8630073AFB8 /* App42PersistencyManager.m */,
			);
			path = App42APIHandler;
			sourceTree = "<group>";
		};
		D73289BA18A3AD3E002135F7 = {
			isa = PBXGroup;
			children = (
				D73289CC18A3AD3E002135F7 /* App42MusicPlayer */,
				D73289EB18A3AD3E002135F7 /* App42MusicPlayerTests */,
				D73289C518A3AD3E002135F7 /* Frameworks */,
				D73289C418A3AD3E002135F7 /* Products */,
			);
			sourceTree = "<group>";
		};
		D73289C418A3AD3E002135F7 /* Products */ = {
			isa = PBXGroup;
			children = (
				D73289C318A3AD3E002135F7 /* App42MusicPlayer.app */,
				D73289E418A3AD3E002135F7 /* App42MusicPlayerTests.xctest */,
			);
			name = Products;
			sourceTree = "<group>";
		};
		D73289C518A3AD3E002135F7 /* Frameworks */ = {
			isa = PBXGroup;
			children = (
				D71F1FAE18A50ACE0073AFB8 /* Shephertz_App42_iOS_API.framework */,
				D73289C618A3AD3E002135F7 /* Foundation.framework */,
				D73289C818A3AD3E002135F7 /* CoreGraphics.framework */,
				D73289CA18A3AD3E002135F7 /* UIKit.framework */,
				D73289E518A3AD3E002135F7 /* XCTest.framework */,
			);
			name = Frameworks;
			sourceTree = "<group>";
		};
		D73289CC18A3AD3E002135F7 /* App42MusicPlayer */ = {
			isa = PBXGroup;
			children = (
				D71F1FA718A4F02B0073AFB8 /* App42APIHandler */,
				D73289D518A3AD3E002135F7 /* App42AppDelegate.h */,
				D73289D618A3AD3E002135F7 /* App42AppDelegate.m */,
				D71F1FB018A50B2D0073AFB8 /* App42Constants.h */,
				D7328A0118A3B9C4002135F7 /* Controller */,
				D7328A0418A3B9C4002135F7 /* Model */,
				D7328A0718A3B9C4002135F7 /* View */,
				D73289D818A3AD3E002135F7 /* Main.storyboard */,
				D73289DE18A3AD3E002135F7 /* Images.xcassets */,
				D73289CD18A3AD3E002135F7 /* Supporting Files */,
			);
			path = App42MusicPlayer;
			sourceTree = "<group>";
		};
		D73289CD18A3AD3E002135F7 /* Supporting Files */ = {
			isa = PBXGroup;
			children = (
				D73289CE18A3AD3E002135F7 /* App42MusicPlayer-Info.plist */,
				D73289CF18A3AD3E002135F7 /* InfoPlist.strings */,
				D73289D218A3AD3E002135F7 /* main.m */,
				D73289D418A3AD3E002135F7 /* App42MusicPlayer-Prefix.pch */,
			);
			name = "Supporting Files";
			sourceTree = "<group>";
		};
		D73289EB18A3AD3E002135F7 /* App42MusicPlayerTests */ = {
			isa = PBXGroup;
			children = (
				D73289F118A3AD3E002135F7 /* App42MusicPlayerTests.m */,
				D73289EC18A3AD3E002135F7 /* Supporting Files */,
			);
			path = App42MusicPlayerTests;
			sourceTree = "<group>";
		};
		D73289EC18A3AD3E002135F7 /* Supporting Files */ = {
			isa = PBXGroup;
			children = (
				D73289ED18A3AD3E002135F7 /* App42MusicPlayerTests-Info.plist */,
				D73289EE18A3AD3E002135F7 /* InfoPlist.strings */,
			);
			name = "Supporting Files";
			sourceTree = "<group>";
		};
		D7328A0118A3B9C4002135F7 /* Controller */ = {
			isa = PBXGroup;
			children = (
				D7328A0218A3B9C4002135F7 /* App42ViewController.h */,
				D7328A0318A3B9C4002135F7 /* App42ViewController.m */,
			);
			path = Controller;
			sourceTree = "<group>";
		};
		D7328A0418A3B9C4002135F7 /* Model */ = {
			isa = PBXGroup;
			children = (
				D7328A0518A3B9C4002135F7 /* App42Album.h */,
				D7328A0618A3B9C4002135F7 /* App42Album.m */,
			);
			path = Model;
			sourceTree = "<group>";
		};
		D7328A0718A3B9C4002135F7 /* View */ = {
			isa = PBXGroup;
			children = (
				D7328A0818A3B9C4002135F7 /* App42AlbumView.h */,
				D7328A0918A3B9C4002135F7 /* App42AlbumView.m */,
			);
			path = View;
			sourceTree = "<group>";
		};
/* End PBXGroup section */

/* Begin PBXNativeTarget section */
		D73289C218A3AD3E002135F7 /* App42MusicPlayer */ = {
			isa = PBXNativeTarget;
			buildConfigurationList = D73289F518A3AD3E002135F7 /* Build configuration list for PBXNativeTarget "App42MusicPlayer" */;
			buildPhases = (
				D73289BF18A3AD3E002135F7 /* Sources */,
				D73289C018A3AD3E002135F7 /* Frameworks */,
				D73289C118A3AD3E002135F7 /* Resources */,
			);
			buildRules = (
			);
			dependencies = (
			);
			name = App42MusicPlayer;
			productName = App42MusicPlayer;
			productReference = D73289C318A3AD3E002135F7 /* App42MusicPlayer.app */;
			productType = "com.apple.product-type.application";
		};
		D73289E318A3AD3E002135F7 /* App42MusicPlayerTests */ = {
			isa = PBXNativeTarget;
			buildConfigurationList = D73289F818A3AD3E002135F7 /* Build configuration list for PBXNativeTarget "App42MusicPlayerTests" */;
			buildPhases = (
				D73289E018A3AD3E002135F7 /* Sources */,
				D73289E118A3AD3E002135F7 /* Frameworks */,
				D73289E218A3AD3E002135F7 /* Resources */,
			);
			buildRules = (
			);
			dependencies = (
				D73289EA18A3AD3E002135F7 /* PBXTargetDependency */,
			);
			name = App42MusicPlayerTests;
			productName = App42MusicPlayerTests;
			productReference = D73289E418A3AD3E002135F7 /* App42MusicPlayerTests.xctest */;
			productType = "com.apple.product-type.bundle.unit-test";
		};
/* End PBXNativeTarget section */

/* Begin PBXProject section */
		D73289BB18A3AD3E002135F7 /* Project object */ = {
			isa = PBXProject;
			attributes = {
				CLASSPREFIX = App42;
				LastUpgradeCheck = 0500;
				ORGANIZATIONNAME = "ShepHertz Technologies Pvt Ltd.";
				TargetAttributes = {
					D73289E318A3AD3E002135F7 = {
						TestTargetID = D73289C218A3AD3E002135F7;
					};
				};
			};
			buildConfigurationList = D73289BE18A3AD3E002135F7 /* Build configuration list for PBXProject "App42MusicPlayer" */;
			compatibilityVersion = "Xcode 3.2";
			developmentRegion = English;
			hasScannedForEncodings = 0;
			knownRegions = (
				en,
				Base,
			);
			mainGroup = D73289BA18A3AD3E002135F7;
			productRefGroup = D73289C418A3AD3E002135F7 /* Products */;
			projectDirPath = "";
			projectRoot = "";
			targets = (
				D73289C218A3AD3E002135F7 /* App42MusicPlayer */,
				D73289E318A3AD3E002135F7 /* App42MusicPlayerTests */,
			);
		};
/* End PBXProject section */

/* Begin PBXResourcesBuildPhase section */
		D73289C118A3AD3E002135F7 /* Resources */ = {
			isa = PBXResourcesBuildPhase;
			buildActionMask = 2147483647;
			files = (
				D73289DF18A3AD3E002135F7 /* Images.xcassets in Resources */,
				D73289D118A3AD3E002135F7 /* InfoPlist.strings in Resources */,
				D73289DA18A3AD3E002135F7 /* Main.storyboard in Resources */,
			);
			runOnlyForDeploymentPostprocessing = 0;
		};
		D73289E218A3AD3E002135F7 /* Resources */ = {
			isa = PBXResourcesBuildPhase;
			buildActionMask = 2147483647;
			files = (
				D73289F018A3AD3E002135F7 /* InfoPlist.strings in Resources */,
			);
			runOnlyForDeploymentPostprocessing = 0;
		};
/* End PBXResourcesBuildPhase section */

/* Begin PBXSourcesBuildPhase section */
		D73289BF18A3AD3E002135F7 /* Sources */ = {
			isa = PBXSourcesBuildPhase;
			buildActionMask = 2147483647;
			files = (
				D7328A0A18A3B9C4002135F7 /* App42ViewController.m in Sources */,
				D73289D718A3AD3E002135F7 /* App42AppDelegate.m in Sources */,
				D73289D318A3AD3E002135F7 /* main.m in Sources */,
				D7328A0B18A3B9C4002135F7 /* App42Album.m in Sources */,
				D7328A0C18A3B9C4002135F7 /* App42AlbumView.m in Sources */,
				D71F1FAD18A4F8630073AFB8 /* App42PersistencyManager.m in Sources */,
				D71F1FAA18A4F0400073AFB8 /* App42APIHandler.m in Sources */,
			);
			runOnlyForDeploymentPostprocessing = 0;
		};
		D73289E018A3AD3E002135F7 /* Sources */ = {
			isa = PBXSourcesBuildPhase;
			buildActionMask = 2147483647;
			files = (
				D73289F218A3AD3E002135F7 /* App42MusicPlayerTests.m in Sources */,
			);
			runOnlyForDeploymentPostprocessing = 0;
		};
/* End PBXSourcesBuildPhase section */

/* Begin PBXTargetDependency section */
		D73289EA18A3AD3E002135F7 /* PBXTargetDependency */ = {
			isa = PBXTargetDependency;
			target = D73289C218A3AD3E002135F7 /* App42MusicPlayer */;
			targetProxy = D73289E918A3AD3E002135F7 /* PBXContainerItemProxy */;
		};
/* End PBXTargetDependency section */

/* Begin PBXVariantGroup section */
		D73289CF18A3AD3E002135F7 /* InfoPlist.strings */ = {
			isa = PBXVariantGroup;
			children = (
				D73289D018A3AD3E002135F7 /* en */,
			);
			name = InfoPlist.strings;
			sourceTree = "<group>";
		};
		D73289D818A3AD3E002135F7 /* Main.storyboard */ = {
			isa = PBXVariantGroup;
			children = (
				D73289D918A3AD3E002135F7 /* Base */,
			);
			name = Main.storyboard;
			sourceTree = "<group>";
		};
		D73289EE18A3AD3E002135F7 /* InfoPlist.strings */ = {
			isa = PBXVariantGroup;
			children = (
				D73289EF18A3AD3E002135F7 /* en */,
			);
			name = InfoPlist.strings;
			sourceTree = "<group>";
		};
/* End PBXVariantGroup section */

/* Begin XCBuildConfiguration section */
		D73289F318A3AD3E002135F7 /* Debug */ = {
			isa = XCBuildConfiguration;
			buildSettings = {
				ALWAYS_SEARCH_USER_PATHS = NO;
				ARCHS = "$(ARCHS_STANDARD_INCLUDING_64_BIT)";
				CLANG_CXX_LANGUAGE_STANDARD = "gnu++0x";
				CLANG_CXX_LIBRARY = "libc++";
				CLANG_ENABLE_MODULES = YES;
				CLANG_ENABLE_OBJC_ARC = YES;
				CLANG_WARN_BOOL_CONVERSION = YES;
				CLANG_WARN_CONSTANT_CONVERSION = YES;
				CLANG_WARN_DIRECT_OBJC_ISA_USAGE = YES_ERROR;
				CLANG_WARN_EMPTY_BODY = YES;
				CLANG_WARN_ENUM_CONVERSION = YES;
				CLANG_WARN_INT_CONVERSION = YES;
				CLANG_WARN_OBJC_ROOT_CLASS = YES_ERROR;
				CLANG_WARN__DUPLICATE_METHOD_MATCH = YES;
				"CODE_SIGN_IDENTITY[sdk=iphoneos*]" = "iPhone Developer";
				COPY_PHASE_STRIP = NO;
				GCC_C_LANGUAGE_STANDARD = gnu99;
				GCC_DYNAMIC_NO_PIC = NO;
				GCC_OPTIMIZATION_LEVEL = 0;
				GCC_PREPROCESSOR_DEFINITIONS = (
					"DEBUG=1",
					"$(inherited)",
				);
				GCC_SYMBOLS_PRIVATE_EXTERN = NO;
				GCC_WARN_64_TO_32_BIT_CONVERSION = YES;
				GCC_WARN_ABOUT_RETURN_TYPE = YES_ERROR;
				GCC_WARN_UNDECLARED_SELECTOR = YES;
				GCC_WARN_UNINITIALIZED_AUTOS = YES;
				GCC_WARN_UNUSED_FUNCTION = YES;
				GCC_WARN_UNUSED_VARIABLE = YES;
				IPHONEOS_DEPLOYMENT_TARGET = 7.0;
				ONLY_ACTIVE_ARCH = YES;
				SDKROOT = iphoneos;
			};
			name = Debug;
		};
		D73289F418A3AD3E002135F7 /* Release */ = {
			isa = XCBuildConfiguration;
			buildSettings = {
				ALWAYS_SEARCH_USER_PATHS = NO;
				ARCHS = "$(ARCHS_STANDARD_INCLUDING_64_BIT)";
				CLANG_CXX_LANGUAGE_STANDARD = "gnu++0x";
				CLANG_CXX_LIBRARY = "libc++";
				CLANG_ENABLE_MODULES = YES;
				CLANG_ENABLE_OBJC_ARC = YES;
				CLANG_WARN_BOOL_CONVERSION = YES;
				CLANG_WARN_CONSTANT_CONVERSION = YES;
				CLANG_WARN_DIRECT_OBJC_ISA_USAGE = YES_ERROR;
				CLANG_WARN_EMPTY_BODY = YES;
				CLANG_WARN_ENUM_CONVERSION = YES;
				CLANG_WARN_INT_CONVERSION = YES;
				CLANG_WARN_OBJC_ROOT_CLASS = YES_ERROR;
				CLANG_WARN__DUPLICATE_METHOD_MATCH = YES;
				"CODE_SIGN_IDENTITY[sdk=iphoneos*]" = "iPhone Developer";
				COPY_PHASE_STRIP = YES;
				ENABLE_NS_ASSERTIONS = NO;
				GCC_C_LANGUAGE_STANDARD = gnu99;
				GCC_WARN_64_TO_32_BIT_CONVERSION = YES;
				GCC_WARN_ABOUT_RETURN_TYPE = YES_ERROR;
				GCC_WARN_UNDECLARED_SELECTOR = YES;
				GCC_WARN_UNINITIALIZED_AUTOS = YES;
				GCC_WARN_UNUSED_FUNCTION = YES;
				GCC_WARN_UNUSED_VARIABLE = YES;
				IPHONEOS_DEPLOYMENT_TARGET = 7.0;
				SDKROOT = iphoneos;
				VALIDATE_PRODUCT = YES;
			};
			name = Release;
		};
		D73289F618A3AD3E002135F7 /* Debug */ = {
			isa = XCBuildConfiguration;
			buildSettings = {
				ASSETCATALOG_COMPILER_APPICON_NAME = AppIcon;
				ASSETCATALOG_COMPILER_LAUNCHIMAGE_NAME = LaunchImage;
				FRAMEWORK_SEARCH_PATHS = (
					"$(inherited)",
					/Users/shephertztechnologies/Desktop/Rajeev/App42_iOS_Samples/App42MusicPlayer,
				);
				GCC_PRECOMPILE_PREFIX_HEADER = YES;
				GCC_PREFIX_HEADER = "App42MusicPlayer/App42MusicPlayer-Prefix.pch";
				INFOPLIST_FILE = "App42MusicPlayer/App42MusicPlayer-Info.plist";
				PRODUCT_NAME = "$(TARGET_NAME)";
				WRAPPER_EXTENSION = app;
			};
			name = Debug;
		};
		D73289F718A3AD3E002135F7 /* Release */ = {
			isa = XCBuildConfiguration;
			buildSettings = {
				ASSETCATALOG_COMPILER_APPICON_NAME = AppIcon;
				ASSETCATALOG_COMPILER_LAUNCHIMAGE_NAME = LaunchImage;
				FRAMEWORK_SEARCH_PATHS = (
					"$(inherited)",
					/Users/shephertztechnologies/Desktop/Rajeev/App42_iOS_Samples/App42MusicPlayer,
				);
				GCC_PRECOMPILE_PREFIX_HEADER = YES;
				GCC_PREFIX_HEADER = "App42MusicPlayer/App42MusicPlayer-Prefix.pch";
				INFOPLIST_FILE = "App42MusicPlayer/App42MusicPlayer-Info.plist";
				PRODUCT_NAME = "$(TARGET_NAME)";
				WRAPPER_EXTENSION = app;
			};
			name = Release;
		};
		D73289F918A3AD3E002135F7 /* Debug */ = {
			isa = XCBuildConfiguration;
			buildSettings = {
				ARCHS = "$(ARCHS_STANDARD_INCLUDING_64_BIT)";
				BUNDLE_LOADER = "$(BUILT_PRODUCTS_DIR)/App42MusicPlayer.app/App42MusicPlayer";
				FRAMEWORK_SEARCH_PATHS = (
					"$(SDKROOT)/Developer/Library/Frameworks",
					"$(inherited)",
					"$(DEVELOPER_FRAMEWORKS_DIR)",
				);
				GCC_PRECOMPILE_PREFIX_HEADER = YES;
				GCC_PREFIX_HEADER = "App42MusicPlayer/App42MusicPlayer-Prefix.pch";
				GCC_PREPROCESSOR_DEFINITIONS = (
					"DEBUG=1",
					"$(inherited)",
				);
				INFOPLIST_FILE = "App42MusicPlayerTests/App42MusicPlayerTests-Info.plist";
				PRODUCT_NAME = "$(TARGET_NAME)";
				TEST_HOST = "$(BUNDLE_LOADER)";
				WRAPPER_EXTENSION = xctest;
			};
			name = Debug;
		};
		D73289FA18A3AD3E002135F7 /* Release */ = {
			isa = XCBuildConfiguration;
			buildSettings = {
				ARCHS = "$(ARCHS_STANDARD_INCLUDING_64_BIT)";
				BUNDLE_LOADER = "$(BUILT_PRODUCTS_DIR)/App42MusicPlayer.app/App42MusicPlayer";
				FRAMEWORK_SEARCH_PATHS = (
					"$(SDKROOT)/Developer/Library/Frameworks",
					"$(inherited)",
					"$(DEVELOPER_FRAMEWORKS_DIR)",
				);
				GCC_PRECOMPILE_PREFIX_HEADER = YES;
				GCC_PREFIX_HEADER = "App42MusicPlayer/App42MusicPlayer-Prefix.pch";
				INFOPLIST_FILE = "App42MusicPlayerTests/App42MusicPlayerTests-Info.plist";
				PRODUCT_NAME = "$(TARGET_NAME)";
				TEST_HOST = "$(BUNDLE_LOADER)";
				WRAPPER_EXTENSION = xctest;
			};
			name = Release;
		};
/* End XCBuildConfiguration section */

/* Begin XCConfigurationList section */
		D73289BE18A3AD3E002135F7 /* Build configuration list for PBXProject "App42MusicPlayer" */ = {
			isa = XCConfigurationList;
			buildConfigurations = (
				D73289F318A3AD3E002135F7 /* Debug */,
				D73289F418A3AD3E002135F7 /* Release */,
			);
			defaultConfigurationIsVisible = 0;
			defaultConfigurationName = Release;
		};
		D73289F518A3AD3E002135F7 /* Build configuration list for PBXNativeTarget "App42MusicPlayer" */ = {
			isa = XCConfigurationList;
			buildConfigurations = (
				D73289F618A3AD3E002135F7 /* Debug */,
				D73289F718A3AD3E002135F7 /* Release */,
			);
			defaultConfigurationIsVisible = 0;
			defaultConfigurationName = Release;
		};
		D73289F818A3AD3E002135F7 /* Build configuration list for PBXNativeTarget "App42MusicPlayerTests" */ = {
			isa = XCConfigurationList;
			buildConfigurations = (
				D73289F918A3AD3E002135F7 /* Debug */,
				D73289FA18A3AD3E002135F7 /* Release */,
			);
			defaultConfigurationIsVisible = 0;
			defaultConfigurationName = Release;
		};
/* End XCConfigurationList section */
	};
	rootObject = D73289BB18A3AD3E002135F7 /* Project object */;
}
