// !$*UTF8*$!
{
	archiveVersion = 1;
	classes = {
	};
	objectVersion = 46;
	objects = {

/* Begin PBXBuildFile section */
		D71238201872DB0600380F18 /* Foundation.framework in Frameworks */ = {isa = PBXBuildFile; fileRef = D712381F1872DB0600380F18 /* Foundation.framework */; };
		D71238221872DB0600380F18 /* CoreGraphics.framework in Frameworks */ = {isa = PBXBuildFile; fileRef = D71238211872DB0600380F18 /* CoreGraphics.framework */; };
		D71238241872DB0600380F18 /* UIKit.framework in Frameworks */ = {isa = PBXBuildFile; fileRef = D71238231872DB0600380F18 /* UIKit.framework */; };
		D712382A1872DB0600380F18 /* InfoPlist.strings in Resources */ = {isa = PBXBuildFile; fileRef = D71238281872DB0600380F18 /* InfoPlist.strings */; };
		D712382C1872DB0600380F18 /* main.m in Sources */ = {isa = PBXBuildFile; fileRef = D712382B1872DB0600380F18 /* main.m */; };
		D71238301872DB0600380F18 /* App42AppDelegate.m in Sources */ = {isa = PBXBuildFile; fileRef = D712382F1872DB0600380F18 /* App42AppDelegate.m */; };
		D71238331872DB0600380F18 /* Main.storyboard in Resources */ = {isa = PBXBuildFile; fileRef = D71238311872DB0600380F18 /* Main.storyboard */; };
		D71238361872DB0600380F18 /* App42FirstViewController.m in Sources */ = {isa = PBXBuildFile; fileRef = D71238351872DB0600380F18 /* App42FirstViewController.m */; };
		D71238391872DB0600380F18 /* App42SecondViewController.m in Sources */ = {isa = PBXBuildFile; fileRef = D71238381872DB0600380F18 /* App42SecondViewController.m */; };
		D712383B1872DB0600380F18 /* Images.xcassets in Resources */ = {isa = PBXBuildFile; fileRef = D712383A1872DB0600380F18 /* Images.xcassets */; };
		D71238421872DB0600380F18 /* XCTest.framework in Frameworks */ = {isa = PBXBuildFile; fileRef = D71238411872DB0600380F18 /* XCTest.framework */; };
		D71238431872DB0600380F18 /* Foundation.framework in Frameworks */ = {isa = PBXBuildFile; fileRef = D712381F1872DB0600380F18 /* Foundation.framework */; };
		D71238441872DB0600380F18 /* UIKit.framework in Frameworks */ = {isa = PBXBuildFile; fileRef = D71238231872DB0600380F18 /* UIKit.framework */; };
		D712384C1872DB0600380F18 /* InfoPlist.strings in Resources */ = {isa = PBXBuildFile; fileRef = D712384A1872DB0600380F18 /* InfoPlist.strings */; };
		D712384E1872DB0600380F18 /* SearchByPassionTests.m in Sources */ = {isa = PBXBuildFile; fileRef = D712384D1872DB0600380F18 /* SearchByPassionTests.m */; };
		D71238591872DE5E00380F18 /* App42LoginViewController.m in Sources */ = {isa = PBXBuildFile; fileRef = D71238581872DE5E00380F18 /* App42LoginViewController.m */; };
/* End PBXBuildFile section */

/* Begin PBXContainerItemProxy section */
		D71238451872DB0600380F18 /* PBXContainerItemProxy */ = {
			isa = PBXContainerItemProxy;
			containerPortal = D71238141872DB0600380F18 /* Project object */;
			proxyType = 1;
			remoteGlobalIDString = D712381B1872DB0600380F18;
			remoteInfo = SearchByPassion;
		};
/* End PBXContainerItemProxy section */

/* Begin PBXFileReference section */
		D712381C1872DB0600380F18 /* SearchByPassion.app */ = {isa = PBXFileReference; explicitFileType = wrapper.application; includeInIndex = 0; path = SearchByPassion.app; sourceTree = BUILT_PRODUCTS_DIR; };
		D712381F1872DB0600380F18 /* Foundation.framework */ = {isa = PBXFileReference; lastKnownFileType = wrapper.framework; name = Foundation.framework; path = System/Library/Frameworks/Foundation.framework; sourceTree = SDKROOT; };
		D71238211872DB0600380F18 /* CoreGraphics.framework */ = {isa = PBXFileReference; lastKnownFileType = wrapper.framework; name = CoreGraphics.framework; path = System/Library/Frameworks/CoreGraphics.framework; sourceTree = SDKROOT; };
		D71238231872DB0600380F18 /* UIKit.framework */ = {isa = PBXFileReference; lastKnownFileType = wrapper.framework; name = UIKit.framework; path = System/Library/Frameworks/UIKit.framework; sourceTree = SDKROOT; };
		D71238271872DB0600380F18 /* SearchByPassion-Info.plist */ = {isa = PBXFileReference; lastKnownFileType = text.plist.xml; path = "SearchByPassion-Info.plist"; sourceTree = "<group>"; };
		D71238291872DB0600380F18 /* en */ = {isa = PBXFileReference; lastKnownFileType = text.plist.strings; name = en; path = en.lproj/InfoPlist.strings; sourceTree = "<group>"; };
		D712382B1872DB0600380F18 /* main.m */ = {isa = PBXFileReference; lastKnownFileType = sourcecode.c.objc; path = main.m; sourceTree = "<group>"; };
		D712382D1872DB0600380F18 /* SearchByPassion-Prefix.pch */ = {isa = PBXFileReference; lastKnownFileType = sourcecode.c.h; path = "SearchByPassion-Prefix.pch"; sourceTree = "<group>"; };
		D712382E1872DB0600380F18 /* App42AppDelegate.h */ = {isa = PBXFileReference; lastKnownFileType = sourcecode.c.h; path = App42AppDelegate.h; sourceTree = "<group>"; };
		D712382F1872DB0600380F18 /* App42AppDelegate.m */ = {isa = PBXFileReference; lastKnownFileType = sourcecode.c.objc; path = App42AppDelegate.m; sourceTree = "<group>"; };
		D71238321872DB0600380F18 /* Base */ = {isa = PBXFileReference; lastKnownFileType = file.storyboard; name = Base; path = Base.lproj/Main.storyboard; sourceTree = "<group>"; };
		D71238341872DB0600380F18 /* App42FirstViewController.h */ = {isa = PBXFileReference; lastKnownFileType = sourcecode.c.h; path = App42FirstViewController.h; sourceTree = "<group>"; };
		D71238351872DB0600380F18 /* App42FirstViewController.m */ = {isa = PBXFileReference; lastKnownFileType = sourcecode.c.objc; path = App42FirstViewController.m; sourceTree = "<group>"; };
		D71238371872DB0600380F18 /* App42SecondViewController.h */ = {isa = PBXFileReference; lastKnownFileType = sourcecode.c.h; path = App42SecondViewController.h; sourceTree = "<group>"; };
		D71238381872DB0600380F18 /* App42SecondViewController.m */ = {isa = PBXFileReference; lastKnownFileType = sourcecode.c.objc; path = App42SecondViewController.m; sourceTree = "<group>"; };
		D712383A1872DB0600380F18 /* Images.xcassets */ = {isa = PBXFileReference; lastKnownFileType = folder.assetcatalog; path = Images.xcassets; sourceTree = "<group>"; };
		D71238401872DB0600380F18 /* SearchByPassionTests.xctest */ = {isa = PBXFileReference; explicitFileType = wrapper.cfbundle; includeInIndex = 0; path = SearchByPassionTests.xctest; sourceTree = BUILT_PRODUCTS_DIR; };
		D71238411872DB0600380F18 /* XCTest.framework */ = {isa = PBXFileReference; lastKnownFileType = wrapper.framework; name = XCTest.framework; path = Library/Frameworks/XCTest.framework; sourceTree = DEVELOPER_DIR; };
		D71238491872DB0600380F18 /* SearchByPassionTests-Info.plist */ = {isa = PBXFileReference; lastKnownFileType = text.plist.xml; path = "SearchByPassionTests-Info.plist"; sourceTree = "<group>"; };
		D712384B1872DB0600380F18 /* en */ = {isa = PBXFileReference; lastKnownFileType = text.plist.strings; name = en; path = en.lproj/InfoPlist.strings; sourceTree = "<group>"; };
		D712384D1872DB0600380F18 /* SearchByPassionTests.m */ = {isa = PBXFileReference; lastKnownFileType = sourcecode.c.objc; path = SearchByPassionTests.m; sourceTree = "<group>"; };
		D71238571872DE5E00380F18 /* App42LoginViewController.h */ = {isa = PBXFileReference; fileEncoding = 4; lastKnownFileType = sourcecode.c.h; path = App42LoginViewController.h; sourceTree = "<group>"; };
		D71238581872DE5E00380F18 /* App42LoginViewController.m */ = {isa = PBXFileReference; fileEncoding = 4; lastKnownFileType = sourcecode.c.objc; path = App42LoginViewController.m; sourceTree = "<group>"; };
/* End PBXFileReference section */

/* Begin PBXFrameworksBuildPhase section */
		D71238191872DB0600380F18 /* Frameworks */ = {
			isa = PBXFrameworksBuildPhase;
			buildActionMask = 2147483647;
			files = (
				D71238221872DB0600380F18 /* CoreGraphics.framework in Frameworks */,
				D71238241872DB0600380F18 /* UIKit.framework in Frameworks */,
				D71238201872DB0600380F18 /* Foundation.framework in Frameworks */,
			);
			runOnlyForDeploymentPostprocessing = 0;
		};
		D712383D1872DB0600380F18 /* Frameworks */ = {
			isa = PBXFrameworksBuildPhase;
			buildActionMask = 2147483647;
			files = (
				D71238421872DB0600380F18 /* XCTest.framework in Frameworks */,
				D71238441872DB0600380F18 /* UIKit.framework in Frameworks */,
				D71238431872DB0600380F18 /* Foundation.framework in Frameworks */,
			);
			runOnlyForDeploymentPostprocessing = 0;
		};
/* End PBXFrameworksBuildPhase section */

/* Begin PBXGroup section */
		D71238131872DB0600380F18 = {
			isa = PBXGroup;
			children = (
				D71238251872DB0600380F18 /* SearchByPassion */,
				D71238471872DB0600380F18 /* SearchByPassionTests */,
				D712381E1872DB0600380F18 /* Frameworks */,
				D712381D1872DB0600380F18 /* Products */,
			);
			sourceTree = "<group>";
		};
		D712381D1872DB0600380F18 /* Products */ = {
			isa = PBXGroup;
			children = (
				D712381C1872DB0600380F18 /* SearchByPassion.app */,
				D71238401872DB0600380F18 /* SearchByPassionTests.xctest */,
			);
			name = Products;
			sourceTree = "<group>";
		};
		D712381E1872DB0600380F18 /* Frameworks */ = {
			isa = PBXGroup;
			children = (
				D712381F1872DB0600380F18 /* Foundation.framework */,
				D71238211872DB0600380F18 /* CoreGraphics.framework */,
				D71238231872DB0600380F18 /* UIKit.framework */,
				D71238411872DB0600380F18 /* XCTest.framework */,
			);
			name = Frameworks;
			sourceTree = "<group>";
		};
		D71238251872DB0600380F18 /* SearchByPassion */ = {
			isa = PBXGroup;
			children = (
				D712382E1872DB0600380F18 /* App42AppDelegate.h */,
				D712382F1872DB0600380F18 /* App42AppDelegate.m */,
				D71238571872DE5E00380F18 /* App42LoginViewController.h */,
				D71238581872DE5E00380F18 /* App42LoginViewController.m */,
				D71238311872DB0600380F18 /* Main.storyboard */,
				D71238341872DB0600380F18 /* App42FirstViewController.h */,
				D71238351872DB0600380F18 /* App42FirstViewController.m */,
				D71238371872DB0600380F18 /* App42SecondViewController.h */,
				D71238381872DB0600380F18 /* App42SecondViewController.m */,
				D712383A1872DB0600380F18 /* Images.xcassets */,
				D71238261872DB0600380F18 /* Supporting Files */,
			);
			path = SearchByPassion;
			sourceTree = "<group>";
		};
		D71238261872DB0600380F18 /* Supporting Files */ = {
			isa = PBXGroup;
			children = (
				D71238271872DB0600380F18 /* SearchByPassion-Info.plist */,
				D71238281872DB0600380F18 /* InfoPlist.strings */,
				D712382B1872DB0600380F18 /* main.m */,
				D712382D1872DB0600380F18 /* SearchByPassion-Prefix.pch */,
			);
			name = "Supporting Files";
			sourceTree = "<group>";
		};
		D71238471872DB0600380F18 /* SearchByPassionTests */ = {
			isa = PBXGroup;
			children = (
				D712384D1872DB0600380F18 /* SearchByPassionTests.m */,
				D71238481872DB0600380F18 /* Supporting Files */,
			);
			path = SearchByPassionTests;
			sourceTree = "<group>";
		};
		D71238481872DB0600380F18 /* Supporting Files */ = {
			isa = PBXGroup;
			children = (
				D71238491872DB0600380F18 /* SearchByPassionTests-Info.plist */,
				D712384A1872DB0600380F18 /* InfoPlist.strings */,
			);
			name = "Supporting Files";
			sourceTree = "<group>";
		};
/* End PBXGroup section */

/* Begin PBXNativeTarget section */
		D712381B1872DB0600380F18 /* SearchByPassion */ = {
			isa = PBXNativeTarget;
			buildConfigurationList = D71238511872DB0600380F18 /* Build configuration list for PBXNativeTarget "SearchByPassion" */;
			buildPhases = (
				D71238181872DB0600380F18 /* Sources */,
				D71238191872DB0600380F18 /* Frameworks */,
				D712381A1872DB0600380F18 /* Resources */,
			);
			buildRules = (
			);
			dependencies = (
			);
			name = SearchByPassion;
			productName = SearchByPassion;
			productReference = D712381C1872DB0600380F18 /* SearchByPassion.app */;
			productType = "com.apple.product-type.application";
		};
		D712383F1872DB0600380F18 /* SearchByPassionTests */ = {
			isa = PBXNativeTarget;
			buildConfigurationList = D71238541872DB0600380F18 /* Build configuration list for PBXNativeTarget "SearchByPassionTests" */;
			buildPhases = (
				D712383C1872DB0600380F18 /* Sources */,
				D712383D1872DB0600380F18 /* Frameworks */,
				D712383E1872DB0600380F18 /* Resources */,
			);
			buildRules = (
			);
			dependencies = (
				D71238461872DB0600380F18 /* PBXTargetDependency */,
			);
			name = SearchByPassionTests;
			productName = SearchByPassionTests;
			productReference = D71238401872DB0600380F18 /* SearchByPassionTests.xctest */;
			productType = "com.apple.product-type.bundle.unit-test";
		};
/* End PBXNativeTarget section */

/* Begin PBXProject section */
		D71238141872DB0600380F18 /* Project object */ = {
			isa = PBXProject;
			attributes = {
				CLASSPREFIX = App42;
				LastUpgradeCheck = 0500;
				ORGANIZATIONNAME = "ShepHertz Technologies Pvt Ltd.";
				TargetAttributes = {
					D712383F1872DB0600380F18 = {
						TestTargetID = D712381B1872DB0600380F18;
					};
				};
			};
			buildConfigurationList = D71238171872DB0600380F18 /* Build configuration list for PBXProject "SearchByPassion" */;
			compatibilityVersion = "Xcode 3.2";
			developmentRegion = English;
			hasScannedForEncodings = 0;
			knownRegions = (
				en,
				Base,
			);
			mainGroup = D71238131872DB0600380F18;
			productRefGroup = D712381D1872DB0600380F18 /* Products */;
			projectDirPath = "";
			projectRoot = "";
			targets = (
				D712381B1872DB0600380F18 /* SearchByPassion */,
				D712383F1872DB0600380F18 /* SearchByPassionTests */,
			);
		};
/* End PBXProject section */

/* Begin PBXResourcesBuildPhase section */
		D712381A1872DB0600380F18 /* Resources */ = {
			isa = PBXResourcesBuildPhase;
			buildActionMask = 2147483647;
			files = (
				D712383B1872DB0600380F18 /* Images.xcassets in Resources */,
				D712382A1872DB0600380F18 /* InfoPlist.strings in Resources */,
				D71238331872DB0600380F18 /* Main.storyboard in Resources */,
			);
			runOnlyForDeploymentPostprocessing = 0;
		};
		D712383E1872DB0600380F18 /* Resources */ = {
			isa = PBXResourcesBuildPhase;
			buildActionMask = 2147483647;
			files = (
				D712384C1872DB0600380F18 /* InfoPlist.strings in Resources */,
			);
			runOnlyForDeploymentPostprocessing = 0;
		};
/* End PBXResourcesBuildPhase section */

/* Begin PBXSourcesBuildPhase section */
		D71238181872DB0600380F18 /* Sources */ = {
			isa = PBXSourcesBuildPhase;
			buildActionMask = 2147483647;
			files = (
				D71238391872DB0600380F18 /* App42SecondViewController.m in Sources */,
				D71238361872DB0600380F18 /* App42FirstViewController.m in Sources */,
				D71238591872DE5E00380F18 /* App42LoginViewController.m in Sources */,
				D71238301872DB0600380F18 /* App42AppDelegate.m in Sources */,
				D712382C1872DB0600380F18 /* main.m in Sources */,
			);
			runOnlyForDeploymentPostprocessing = 0;
		};
		D712383C1872DB0600380F18 /* Sources */ = {
			isa = PBXSourcesBuildPhase;
			buildActionMask = 2147483647;
			files = (
				D712384E1872DB0600380F18 /* SearchByPassionTests.m in Sources */,
			);
			runOnlyForDeploymentPostprocessing = 0;
		};
/* End PBXSourcesBuildPhase section */

/* Begin PBXTargetDependency section */
		D71238461872DB0600380F18 /* PBXTargetDependency */ = {
			isa = PBXTargetDependency;
			target = D712381B1872DB0600380F18 /* SearchByPassion */;
			targetProxy = D71238451872DB0600380F18 /* PBXContainerItemProxy */;
		};
/* End PBXTargetDependency section */

/* Begin PBXVariantGroup section */
		D71238281872DB0600380F18 /* InfoPlist.strings */ = {
			isa = PBXVariantGroup;
			children = (
				D71238291872DB0600380F18 /* en */,
			);
			name = InfoPlist.strings;
			sourceTree = "<group>";
		};
		D71238311872DB0600380F18 /* Main.storyboard */ = {
			isa = PBXVariantGroup;
			children = (
				D71238321872DB0600380F18 /* Base */,
			);
			name = Main.storyboard;
			sourceTree = "<group>";
		};
		D712384A1872DB0600380F18 /* InfoPlist.strings */ = {
			isa = PBXVariantGroup;
			children = (
				D712384B1872DB0600380F18 /* en */,
			);
			name = InfoPlist.strings;
			sourceTree = "<group>";
		};
/* End PBXVariantGroup section */

/* Begin XCBuildConfiguration section */
		D712384F1872DB0600380F18 /* Debug */ = {
			isa = XCBuildConfiguration;
			buildSettings = {
				ALWAYS_SEARCH_USER_PATHS = NO;
				ARCHS = "$(ARCHS_STANDARD_INCLUDING_64_BIT)";
				CLANG_CXX_LANGUAGE_STANDARD = "gnu++0x";
				CLANG_CXX_LIBRARY = "libc++";
				CLANG_ENABLE_MODULES = YES;
				CLANG_ENABLE_OBJC_ARC = YES;
				CLANG_WARN_BOOL_CONVERSION = YES;
				CLANG_WARN_CONSTANT_CONVERSION = YES;
				CLANG_WARN_DIRECT_OBJC_ISA_USAGE = YES_ERROR;
				CLANG_WARN_EMPTY_BODY = YES;
				CLANG_WARN_ENUM_CONVERSION = YES;
				CLANG_WARN_INT_CONVERSION = YES;
				CLANG_WARN_OBJC_ROOT_CLASS = YES_ERROR;
				CLANG_WARN__DUPLICATE_METHOD_MATCH = YES;
				"CODE_SIGN_IDENTITY[sdk=iphoneos*]" = "iPhone Developer";
				COPY_PHASE_STRIP = NO;
				GCC_C_LANGUAGE_STANDARD = gnu99;
				GCC_DYNAMIC_NO_PIC = NO;
				GCC_OPTIMIZATION_LEVEL = 0;
				GCC_PREPROCESSOR_DEFINITIONS = (
					"DEBUG=1",
					"$(inherited)",
				);
				GCC_SYMBOLS_PRIVATE_EXTERN = NO;
				GCC_WARN_64_TO_32_BIT_CONVERSION = YES;
				GCC_WARN_ABOUT_RETURN_TYPE = YES_ERROR;
				GCC_WARN_UNDECLARED_SELECTOR = YES;
				GCC_WARN_UNINITIALIZED_AUTOS = YES;
				GCC_WARN_UNUSED_FUNCTION = YES;
				GCC_WARN_UNUSED_VARIABLE = YES;
				IPHONEOS_DEPLOYMENT_TARGET = 7.0;
				ONLY_ACTIVE_ARCH = YES;
				SDKROOT = iphoneos;
			};
			name = Debug;
		};
		D71238501872DB0600380F18 /* Release */ = {
			isa = XCBuildConfiguration;
			buildSettings = {
				ALWAYS_SEARCH_USER_PATHS = NO;
				ARCHS = "$(ARCHS_STANDARD_INCLUDING_64_BIT)";
				CLANG_CXX_LANGUAGE_STANDARD = "gnu++0x";
				CLANG_CXX_LIBRARY = "libc++";
				CLANG_ENABLE_MODULES = YES;
				CLANG_ENABLE_OBJC_ARC = YES;
				CLANG_WARN_BOOL_CONVERSION = YES;
				CLANG_WARN_CONSTANT_CONVERSION = YES;
				CLANG_WARN_DIRECT_OBJC_ISA_USAGE = YES_ERROR;
				CLANG_WARN_EMPTY_BODY = YES;
				CLANG_WARN_ENUM_CONVERSION = YES;
				CLANG_WARN_INT_CONVERSION = YES;
				CLANG_WARN_OBJC_ROOT_CLASS = YES_ERROR;
				CLANG_WARN__DUPLICATE_METHOD_MATCH = YES;
				"CODE_SIGN_IDENTITY[sdk=iphoneos*]" = "iPhone Developer";
				COPY_PHASE_STRIP = YES;
				ENABLE_NS_ASSERTIONS = NO;
				GCC_C_LANGUAGE_STANDARD = gnu99;
				GCC_WARN_64_TO_32_BIT_CONVERSION = YES;
				GCC_WARN_ABOUT_RETURN_TYPE = YES_ERROR;
				GCC_WARN_UNDECLARED_SELECTOR = YES;
				GCC_WARN_UNINITIALIZED_AUTOS = YES;
				GCC_WARN_UNUSED_FUNCTION = YES;
				GCC_WARN_UNUSED_VARIABLE = YES;
				IPHONEOS_DEPLOYMENT_TARGET = 7.0;
				SDKROOT = iphoneos;
				VALIDATE_PRODUCT = YES;
			};
			name = Release;
		};
		D71238521872DB0600380F18 /* Debug */ = {
			isa = XCBuildConfiguration;
			buildSettings = {
				ASSETCATALOG_COMPILER_APPICON_NAME = AppIcon;
				ASSETCATALOG_COMPILER_LAUNCHIMAGE_NAME = LaunchImage;
				GCC_PRECOMPILE_PREFIX_HEADER = YES;
				GCC_PREFIX_HEADER = "SearchByPassion/SearchByPassion-Prefix.pch";
				INFOPLIST_FILE = "SearchByPassion/SearchByPassion-Info.plist";
				PRODUCT_NAME = "$(TARGET_NAME)";
				WRAPPER_EXTENSION = app;
			};
			name = Debug;
		};
		D71238531872DB0600380F18 /* Release */ = {
			isa = XCBuildConfiguration;
			buildSettings = {
				ASSETCATALOG_COMPILER_APPICON_NAME = AppIcon;
				ASSETCATALOG_COMPILER_LAUNCHIMAGE_NAME = LaunchImage;
				GCC_PRECOMPILE_PREFIX_HEADER = YES;
				GCC_PREFIX_HEADER = "SearchByPassion/SearchByPassion-Prefix.pch";
				INFOPLIST_FILE = "SearchByPassion/SearchByPassion-Info.plist";
				PRODUCT_NAME = "$(TARGET_NAME)";
				WRAPPER_EXTENSION = app;
			};
			name = Release;
		};
		D71238551872DB0600380F18 /* Debug */ = {
			isa = XCBuildConfiguration;
			buildSettings = {
				ARCHS = "$(ARCHS_STANDARD_INCLUDING_64_BIT)";
				BUNDLE_LOADER = "$(BUILT_PRODUCTS_DIR)/SearchByPassion.app/SearchByPassion";
				FRAMEWORK_SEARCH_PATHS = (
					"$(SDKROOT)/Developer/Library/Frameworks",
					"$(inherited)",
					"$(DEVELOPER_FRAMEWORKS_DIR)",
				);
				GCC_PRECOMPILE_PREFIX_HEADER = YES;
				GCC_PREFIX_HEADER = "SearchByPassion/SearchByPassion-Prefix.pch";
				GCC_PREPROCESSOR_DEFINITIONS = (
					"DEBUG=1",
					"$(inherited)",
				);
				INFOPLIST_FILE = "SearchByPassionTests/SearchByPassionTests-Info.plist";
				PRODUCT_NAME = "$(TARGET_NAME)";
				TEST_HOST = "$(BUNDLE_LOADER)";
				WRAPPER_EXTENSION = xctest;
			};
			name = Debug;
		};
		D71238561872DB0600380F18 /* Release */ = {
			isa = XCBuildConfiguration;
			buildSettings = {
				ARCHS = "$(ARCHS_STANDARD_INCLUDING_64_BIT)";
				BUNDLE_LOADER = "$(BUILT_PRODUCTS_DIR)/SearchByPassion.app/SearchByPassion";
				FRAMEWORK_SEARCH_PATHS = (
					"$(SDKROOT)/Developer/Library/Frameworks",
					"$(inherited)",
					"$(DEVELOPER_FRAMEWORKS_DIR)",
				);
				GCC_PRECOMPILE_PREFIX_HEADER = YES;
				GCC_PREFIX_HEADER = "SearchByPassion/SearchByPassion-Prefix.pch";
				INFOPLIST_FILE = "SearchByPassionTests/SearchByPassionTests-Info.plist";
				PRODUCT_NAME = "$(TARGET_NAME)";
				TEST_HOST = "$(BUNDLE_LOADER)";
				WRAPPER_EXTENSION = xctest;
			};
			name = Release;
		};
/* End XCBuildConfiguration section */

/* Begin XCConfigurationList section */
		D71238171872DB0600380F18 /* Build configuration list for PBXProject "SearchByPassion" */ = {
			isa = XCConfigurationList;
			buildConfigurations = (
				D712384F1872DB0600380F18 /* Debug */,
				D71238501872DB0600380F18 /* Release */,
			);
			defaultConfigurationIsVisible = 0;
			defaultConfigurationName = Release;
		};
		D71238511872DB0600380F18 /* Build configuration list for PBXNativeTarget "SearchByPassion" */ = {
			isa = XCConfigurationList;
			buildConfigurations = (
				D71238521872DB0600380F18 /* Debug */,
				D71238531872DB0600380F18 /* Release */,
			);
			defaultConfigurationIsVisible = 0;
		};
		D71238541872DB0600380F18 /* Build configuration list for PBXNativeTarget "SearchByPassionTests" */ = {
			isa = XCConfigurationList;
			buildConfigurations = (
				D71238551872DB0600380F18 /* Debug */,
				D71238561872DB0600380F18 /* Release */,
			);
			defaultConfigurationIsVisible = 0;
		};
/* End XCConfigurationList section */
	};
	rootObject = D71238141872DB0600380F18 /* Project object */;
}
