// !$*UTF8*$!
{
	archiveVersion = 1;
	classes = {
	};
	objectVersion = 46;
	objects = {

/* Begin PBXBuildFile section */
		D7053FD1187195A3004B5E98 /* Shephertz_App42_iOS_API.framework in Frameworks */ = {isa = PBXBuildFile; fileRef = D7053FD0187195A3004B5E98 /* Shephertz_App42_iOS_API.framework */; };
		D75B25FF186D85B800C3C33E /* Foundation.framework in Frameworks */ = {isa = PBXBuildFile; fileRef = D75B25FE186D85B800C3C33E /* Foundation.framework */; };
		D75B2601186D85B800C3C33E /* CoreGraphics.framework in Frameworks */ = {isa = PBXBuildFile; fileRef = D75B2600186D85B800C3C33E /* CoreGraphics.framework */; };
		D75B2603186D85B800C3C33E /* UIKit.framework in Frameworks */ = {isa = PBXBuildFile; fileRef = D75B2602186D85B800C3C33E /* UIKit.framework */; };
		D75B2609186D85B800C3C33E /* InfoPlist.strings in Resources */ = {isa = PBXBuildFile; fileRef = D75B2607186D85B800C3C33E /* InfoPlist.strings */; };
		D75B260B186D85B800C3C33E /* main.m in Sources */ = {isa = PBXBuildFile; fileRef = D75B260A186D85B800C3C33E /* main.m */; };
		D75B260F186D85B800C3C33E /* App42AppDelegate.m in Sources */ = {isa = PBXBuildFile; fileRef = D75B260E186D85B800C3C33E /* App42AppDelegate.m */; };
		D75B2612186D85B800C3C33E /* Main.storyboard in Resources */ = {isa = PBXBuildFile; fileRef = D75B2610186D85B800C3C33E /* Main.storyboard */; };
		D75B2615186D85B800C3C33E /* App42ViewController.m in Sources */ = {isa = PBXBuildFile; fileRef = D75B2614186D85B800C3C33E /* App42ViewController.m */; };
		D75B2617186D85B800C3C33E /* Images.xcassets in Resources */ = {isa = PBXBuildFile; fileRef = D75B2616186D85B800C3C33E /* Images.xcassets */; };
		D75B261E186D85B800C3C33E /* XCTest.framework in Frameworks */ = {isa = PBXBuildFile; fileRef = D75B261D186D85B800C3C33E /* XCTest.framework */; };
		D75B261F186D85B800C3C33E /* Foundation.framework in Frameworks */ = {isa = PBXBuildFile; fileRef = D75B25FE186D85B800C3C33E /* Foundation.framework */; };
		D75B2620186D85B800C3C33E /* UIKit.framework in Frameworks */ = {isa = PBXBuildFile; fileRef = D75B2602186D85B800C3C33E /* UIKit.framework */; };
		D75B2628186D85B800C3C33E /* InfoPlist.strings in Resources */ = {isa = PBXBuildFile; fileRef = D75B2626186D85B800C3C33E /* InfoPlist.strings */; };
		D75B262A186D85B800C3C33E /* LocateByYourSelfTests.m in Sources */ = {isa = PBXBuildFile; fileRef = D75B2629186D85B800C3C33E /* LocateByYourSelfTests.m */; };
/* End PBXBuildFile section */

/* Begin PBXContainerItemProxy section */
		D75B2621186D85B800C3C33E /* PBXContainerItemProxy */ = {
			isa = PBXContainerItemProxy;
			containerPortal = D75B25F3186D85B700C3C33E /* Project object */;
			proxyType = 1;
			remoteGlobalIDString = D75B25FA186D85B800C3C33E;
			remoteInfo = LocateByYourSelf;
		};
/* End PBXContainerItemProxy section */

/* Begin PBXFileReference section */
		D7053FD0187195A3004B5E98 /* Shephertz_App42_iOS_API.framework */ = {isa = PBXFileReference; lastKnownFileType = wrapper.framework; path = Shephertz_App42_iOS_API.framework; sourceTree = "<group>"; };
		D75B25FB186D85B800C3C33E /* LocateByYourSelf.app */ = {isa = PBXFileReference; explicitFileType = wrapper.application; includeInIndex = 0; path = LocateByYourSelf.app; sourceTree = BUILT_PRODUCTS_DIR; };
		D75B25FE186D85B800C3C33E /* Foundation.framework */ = {isa = PBXFileReference; lastKnownFileType = wrapper.framework; name = Foundation.framework; path = System/Library/Frameworks/Foundation.framework; sourceTree = SDKROOT; };
		D75B2600186D85B800C3C33E /* CoreGraphics.framework */ = {isa = PBXFileReference; lastKnownFileType = wrapper.framework; name = CoreGraphics.framework; path = System/Library/Frameworks/CoreGraphics.framework; sourceTree = SDKROOT; };
		D75B2602186D85B800C3C33E /* UIKit.framework */ = {isa = PBXFileReference; lastKnownFileType = wrapper.framework; name = UIKit.framework; path = System/Library/Frameworks/UIKit.framework; sourceTree = SDKROOT; };
		D75B2606186D85B800C3C33E /* LocateByYourSelf-Info.plist */ = {isa = PBXFileReference; lastKnownFileType = text.plist.xml; path = "LocateByYourSelf-Info.plist"; sourceTree = "<group>"; };
		D75B2608186D85B800C3C33E /* en */ = {isa = PBXFileReference; lastKnownFileType = text.plist.strings; name = en; path = en.lproj/InfoPlist.strings; sourceTree = "<group>"; };
		D75B260A186D85B800C3C33E /* main.m */ = {isa = PBXFileReference; lastKnownFileType = sourcecode.c.objc; path = main.m; sourceTree = "<group>"; };
		D75B260C186D85B800C3C33E /* LocateByYourSelf-Prefix.pch */ = {isa = PBXFileReference; lastKnownFileType = sourcecode.c.h; path = "LocateByYourSelf-Prefix.pch"; sourceTree = "<group>"; };
		D75B260D186D85B800C3C33E /* App42AppDelegate.h */ = {isa = PBXFileReference; lastKnownFileType = sourcecode.c.h; path = App42AppDelegate.h; sourceTree = "<group>"; };
		D75B260E186D85B800C3C33E /* App42AppDelegate.m */ = {isa = PBXFileReference; lastKnownFileType = sourcecode.c.objc; path = App42AppDelegate.m; sourceTree = "<group>"; };
		D75B2611186D85B800C3C33E /* Base */ = {isa = PBXFileReference; lastKnownFileType = file.storyboard; name = Base; path = Base.lproj/Main.storyboard; sourceTree = "<group>"; };
		D75B2613186D85B800C3C33E /* App42ViewController.h */ = {isa = PBXFileReference; lastKnownFileType = sourcecode.c.h; path = App42ViewController.h; sourceTree = "<group>"; };
		D75B2614186D85B800C3C33E /* App42ViewController.m */ = {isa = PBXFileReference; lastKnownFileType = sourcecode.c.objc; path = App42ViewController.m; sourceTree = "<group>"; };
		D75B2616186D85B800C3C33E /* Images.xcassets */ = {isa = PBXFileReference; lastKnownFileType = folder.assetcatalog; path = Images.xcassets; sourceTree = "<group>"; };
		D75B261C186D85B800C3C33E /* LocateByYourSelfTests.xctest */ = {isa = PBXFileReference; explicitFileType = wrapper.cfbundle; includeInIndex = 0; path = LocateByYourSelfTests.xctest; sourceTree = BUILT_PRODUCTS_DIR; };
		D75B261D186D85B800C3C33E /* XCTest.framework */ = {isa = PBXFileReference; lastKnownFileType = wrapper.framework; name = XCTest.framework; path = Library/Frameworks/XCTest.framework; sourceTree = DEVELOPER_DIR; };
		D75B2625186D85B800C3C33E /* LocateByYourSelfTests-Info.plist */ = {isa = PBXFileReference; lastKnownFileType = text.plist.xml; path = "LocateByYourSelfTests-Info.plist"; sourceTree = "<group>"; };
		D75B2627186D85B800C3C33E /* en */ = {isa = PBXFileReference; lastKnownFileType = text.plist.strings; name = en; path = en.lproj/InfoPlist.strings; sourceTree = "<group>"; };
		D75B2629186D85B800C3C33E /* LocateByYourSelfTests.m */ = {isa = PBXFileReference; lastKnownFileType = sourcecode.c.objc; path = LocateByYourSelfTests.m; sourceTree = "<group>"; };
/* End PBXFileReference section */

/* Begin PBXFrameworksBuildPhase section */
		D75B25F8186D85B800C3C33E /* Frameworks */ = {
			isa = PBXFrameworksBuildPhase;
			buildActionMask = 2147483647;
			files = (
				D75B2601186D85B800C3C33E /* CoreGraphics.framework in Frameworks */,
				D7053FD1187195A3004B5E98 /* Shephertz_App42_iOS_API.framework in Frameworks */,
				D75B2603186D85B800C3C33E /* UIKit.framework in Frameworks */,
				D75B25FF186D85B800C3C33E /* Foundation.framework in Frameworks */,
			);
			runOnlyForDeploymentPostprocessing = 0;
		};
		D75B2619186D85B800C3C33E /* Frameworks */ = {
			isa = PBXFrameworksBuildPhase;
			buildActionMask = 2147483647;
			files = (
				D75B261E186D85B800C3C33E /* XCTest.framework in Frameworks */,
				D75B2620186D85B800C3C33E /* UIKit.framework in Frameworks */,
				D75B261F186D85B800C3C33E /* Foundation.framework in Frameworks */,
			);
			runOnlyForDeploymentPostprocessing = 0;
		};
/* End PBXFrameworksBuildPhase section */

/* Begin PBXGroup section */
		D75B25F2186D85B700C3C33E = {
			isa = PBXGroup;
			children = (
				D75B2604186D85B800C3C33E /* LocateByYourSelf */,
				D75B2623186D85B800C3C33E /* LocateByYourSelfTests */,
				D75B25FD186D85B800C3C33E /* Frameworks */,
				D75B25FC186D85B800C3C33E /* Products */,
			);
			sourceTree = "<group>";
		};
		D75B25FC186D85B800C3C33E /* Products */ = {
			isa = PBXGroup;
			children = (
				D75B25FB186D85B800C3C33E /* LocateByYourSelf.app */,
				D75B261C186D85B800C3C33E /* LocateByYourSelfTests.xctest */,
			);
			name = Products;
			sourceTree = "<group>";
		};
		D75B25FD186D85B800C3C33E /* Frameworks */ = {
			isa = PBXGroup;
			children = (
				D7053FD0187195A3004B5E98 /* Shephertz_App42_iOS_API.framework */,
				D75B25FE186D85B800C3C33E /* Foundation.framework */,
				D75B2600186D85B800C3C33E /* CoreGraphics.framework */,
				D75B2602186D85B800C3C33E /* UIKit.framework */,
				D75B261D186D85B800C3C33E /* XCTest.framework */,
			);
			name = Frameworks;
			sourceTree = "<group>";
		};
		D75B2604186D85B800C3C33E /* LocateByYourSelf */ = {
			isa = PBXGroup;
			children = (
				D75B260D186D85B800C3C33E /* App42AppDelegate.h */,
				D75B260E186D85B800C3C33E /* App42AppDelegate.m */,
				D75B2610186D85B800C3C33E /* Main.storyboard */,
				D75B2613186D85B800C3C33E /* App42ViewController.h */,
				D75B2614186D85B800C3C33E /* App42ViewController.m */,
				D75B2616186D85B800C3C33E /* Images.xcassets */,
				D75B2605186D85B800C3C33E /* Supporting Files */,
			);
			path = LocateByYourSelf;
			sourceTree = "<group>";
		};
		D75B2605186D85B800C3C33E /* Supporting Files */ = {
			isa = PBXGroup;
			children = (
				D75B2606186D85B800C3C33E /* LocateByYourSelf-Info.plist */,
				D75B2607186D85B800C3C33E /* InfoPlist.strings */,
				D75B260A186D85B800C3C33E /* main.m */,
				D75B260C186D85B800C3C33E /* LocateByYourSelf-Prefix.pch */,
			);
			name = "Supporting Files";
			sourceTree = "<group>";
		};
		D75B2623186D85B800C3C33E /* LocateByYourSelfTests */ = {
			isa = PBXGroup;
			children = (
				D75B2629186D85B800C3C33E /* LocateByYourSelfTests.m */,
				D75B2624186D85B800C3C33E /* Supporting Files */,
			);
			path = LocateByYourSelfTests;
			sourceTree = "<group>";
		};
		D75B2624186D85B800C3C33E /* Supporting Files */ = {
			isa = PBXGroup;
			children = (
				D75B2625186D85B800C3C33E /* LocateByYourSelfTests-Info.plist */,
				D75B2626186D85B800C3C33E /* InfoPlist.strings */,
			);
			name = "Supporting Files";
			sourceTree = "<group>";
		};
/* End PBXGroup section */

/* Begin PBXNativeTarget section */
		D75B25FA186D85B800C3C33E /* LocateByYourSelf */ = {
			isa = PBXNativeTarget;
			buildConfigurationList = D75B262D186D85B800C3C33E /* Build configuration list for PBXNativeTarget "LocateByYourSelf" */;
			buildPhases = (
				D75B25F7186D85B800C3C33E /* Sources */,
				D75B25F8186D85B800C3C33E /* Frameworks */,
				D75B25F9186D85B800C3C33E /* Resources */,
			);
			buildRules = (
			);
			dependencies = (
			);
			name = LocateByYourSelf;
			productName = LocateByYourSelf;
			productReference = D75B25FB186D85B800C3C33E /* LocateByYourSelf.app */;
			productType = "com.apple.product-type.application";
		};
		D75B261B186D85B800C3C33E /* LocateByYourSelfTests */ = {
			isa = PBXNativeTarget;
			buildConfigurationList = D75B2630186D85B800C3C33E /* Build configuration list for PBXNativeTarget "LocateByYourSelfTests" */;
			buildPhases = (
				D75B2618186D85B800C3C33E /* Sources */,
				D75B2619186D85B800C3C33E /* Frameworks */,
				D75B261A186D85B800C3C33E /* Resources */,
			);
			buildRules = (
			);
			dependencies = (
				D75B2622186D85B800C3C33E /* PBXTargetDependency */,
			);
			name = LocateByYourSelfTests;
			productName = LocateByYourSelfTests;
			productReference = D75B261C186D85B800C3C33E /* LocateByYourSelfTests.xctest */;
			productType = "com.apple.product-type.bundle.unit-test";
		};
/* End PBXNativeTarget section */

/* Begin PBXProject section */
		D75B25F3186D85B700C3C33E /* Project object */ = {
			isa = PBXProject;
			attributes = {
				CLASSPREFIX = App42;
				LastUpgradeCheck = 0500;
				ORGANIZATIONNAME = "ShepHertz Technologies Pvt Ltd.";
				TargetAttributes = {
					D75B261B186D85B800C3C33E = {
						TestTargetID = D75B25FA186D85B800C3C33E;
					};
				};
			};
			buildConfigurationList = D75B25F6186D85B700C3C33E /* Build configuration list for PBXProject "LocateByYourSelf" */;
			compatibilityVersion = "Xcode 3.2";
			developmentRegion = English;
			hasScannedForEncodings = 0;
			knownRegions = (
				en,
				Base,
			);
			mainGroup = D75B25F2186D85B700C3C33E;
			productRefGroup = D75B25FC186D85B800C3C33E /* Products */;
			projectDirPath = "";
			projectRoot = "";
			targets = (
				D75B25FA186D85B800C3C33E /* LocateByYourSelf */,
				D75B261B186D85B800C3C33E /* LocateByYourSelfTests */,
			);
		};
/* End PBXProject section */

/* Begin PBXResourcesBuildPhase section */
		D75B25F9186D85B800C3C33E /* Resources */ = {
			isa = PBXResourcesBuildPhase;
			buildActionMask = 2147483647;
			files = (
				D75B2617186D85B800C3C33E /* Images.xcassets in Resources */,
				D75B2609186D85B800C3C33E /* InfoPlist.strings in Resources */,
				D75B2612186D85B800C3C33E /* Main.storyboard in Resources */,
			);
			runOnlyForDeploymentPostprocessing = 0;
		};
		D75B261A186D85B800C3C33E /* Resources */ = {
			isa = PBXResourcesBuildPhase;
			buildActionMask = 2147483647;
			files = (
				D75B2628186D85B800C3C33E /* InfoPlist.strings in Resources */,
			);
			runOnlyForDeploymentPostprocessing = 0;
		};
/* End PBXResourcesBuildPhase section */

/* Begin PBXSourcesBuildPhase section */
		D75B25F7186D85B800C3C33E /* Sources */ = {
			isa = PBXSourcesBuildPhase;
			buildActionMask = 2147483647;
			files = (
				D75B2615186D85B800C3C33E /* App42ViewController.m in Sources */,
				D75B260F186D85B800C3C33E /* App42AppDelegate.m in Sources */,
				D75B260B186D85B800C3C33E /* main.m in Sources */,
			);
			runOnlyForDeploymentPostprocessing = 0;
		};
		D75B2618186D85B800C3C33E /* Sources */ = {
			isa = PBXSourcesBuildPhase;
			buildActionMask = 2147483647;
			files = (
				D75B262A186D85B800C3C33E /* LocateByYourSelfTests.m in Sources */,
			);
			runOnlyForDeploymentPostprocessing = 0;
		};
/* End PBXSourcesBuildPhase section */

/* Begin PBXTargetDependency section */
		D75B2622186D85B800C3C33E /* PBXTargetDependency */ = {
			isa = PBXTargetDependency;
			target = D75B25FA186D85B800C3C33E /* LocateByYourSelf */;
			targetProxy = D75B2621186D85B800C3C33E /* PBXContainerItemProxy */;
		};
/* End PBXTargetDependency section */

/* Begin PBXVariantGroup section */
		D75B2607186D85B800C3C33E /* InfoPlist.strings */ = {
			isa = PBXVariantGroup;
			children = (
				D75B2608186D85B800C3C33E /* en */,
			);
			name = InfoPlist.strings;
			sourceTree = "<group>";
		};
		D75B2610186D85B800C3C33E /* Main.storyboard */ = {
			isa = PBXVariantGroup;
			children = (
				D75B2611186D85B800C3C33E /* Base */,
			);
			name = Main.storyboard;
			sourceTree = "<group>";
		};
		D75B2626186D85B800C3C33E /* InfoPlist.strings */ = {
			isa = PBXVariantGroup;
			children = (
				D75B2627186D85B800C3C33E /* en */,
			);
			name = InfoPlist.strings;
			sourceTree = "<group>";
		};
/* End PBXVariantGroup section */

/* Begin XCBuildConfiguration section */
		D75B262B186D85B800C3C33E /* Debug */ = {
			isa = XCBuildConfiguration;
			buildSettings = {
				ALWAYS_SEARCH_USER_PATHS = NO;
				ARCHS = "$(ARCHS_STANDARD_INCLUDING_64_BIT)";
				CLANG_CXX_LANGUAGE_STANDARD = "gnu++0x";
				CLANG_CXX_LIBRARY = "libc++";
				CLANG_ENABLE_MODULES = YES;
				CLANG_ENABLE_OBJC_ARC = YES;
				CLANG_WARN_BOOL_CONVERSION = YES;
				CLANG_WARN_CONSTANT_CONVERSION = YES;
				CLANG_WARN_DIRECT_OBJC_ISA_USAGE = YES_ERROR;
				CLANG_WARN_EMPTY_BODY = YES;
				CLANG_WARN_ENUM_CONVERSION = YES;
				CLANG_WARN_INT_CONVERSION = YES;
				CLANG_WARN_OBJC_ROOT_CLASS = YES_ERROR;
				CLANG_WARN__DUPLICATE_METHOD_MATCH = YES;
				"CODE_SIGN_IDENTITY[sdk=iphoneos*]" = "iPhone Developer";
				COPY_PHASE_STRIP = NO;
				GCC_C_LANGUAGE_STANDARD = gnu99;
				GCC_DYNAMIC_NO_PIC = NO;
				GCC_OPTIMIZATION_LEVEL = 0;
				GCC_PREPROCESSOR_DEFINITIONS = (
					"DEBUG=1",
					"$(inherited)",
				);
				GCC_SYMBOLS_PRIVATE_EXTERN = NO;
				GCC_WARN_64_TO_32_BIT_CONVERSION = YES;
				GCC_WARN_ABOUT_RETURN_TYPE = YES_ERROR;
				GCC_WARN_UNDECLARED_SELECTOR = YES;
				GCC_WARN_UNINITIALIZED_AUTOS = YES;
				GCC_WARN_UNUSED_FUNCTION = YES;
				GCC_WARN_UNUSED_VARIABLE = YES;
				IPHONEOS_DEPLOYMENT_TARGET = 7.0;
				ONLY_ACTIVE_ARCH = YES;
				SDKROOT = iphoneos;
			};
			name = Debug;
		};
		D75B262C186D85B800C3C33E /* Release */ = {
			isa = XCBuildConfiguration;
			buildSettings = {
				ALWAYS_SEARCH_USER_PATHS = NO;
				ARCHS = "$(ARCHS_STANDARD_INCLUDING_64_BIT)";
				CLANG_CXX_LANGUAGE_STANDARD = "gnu++0x";
				CLANG_CXX_LIBRARY = "libc++";
				CLANG_ENABLE_MODULES = YES;
				CLANG_ENABLE_OBJC_ARC = YES;
				CLANG_WARN_BOOL_CONVERSION = YES;
				CLANG_WARN_CONSTANT_CONVERSION = YES;
				CLANG_WARN_DIRECT_OBJC_ISA_USAGE = YES_ERROR;
				CLANG_WARN_EMPTY_BODY = YES;
				CLANG_WARN_ENUM_CONVERSION = YES;
				CLANG_WARN_INT_CONVERSION = YES;
				CLANG_WARN_OBJC_ROOT_CLASS = YES_ERROR;
				CLANG_WARN__DUPLICATE_METHOD_MATCH = YES;
				"CODE_SIGN_IDENTITY[sdk=iphoneos*]" = "iPhone Developer";
				COPY_PHASE_STRIP = YES;
				ENABLE_NS_ASSERTIONS = NO;
				GCC_C_LANGUAGE_STANDARD = gnu99;
				GCC_WARN_64_TO_32_BIT_CONVERSION = YES;
				GCC_WARN_ABOUT_RETURN_TYPE = YES_ERROR;
				GCC_WARN_UNDECLARED_SELECTOR = YES;
				GCC_WARN_UNINITIALIZED_AUTOS = YES;
				GCC_WARN_UNUSED_FUNCTION = YES;
				GCC_WARN_UNUSED_VARIABLE = YES;
				IPHONEOS_DEPLOYMENT_TARGET = 7.0;
				SDKROOT = iphoneos;
				VALIDATE_PRODUCT = YES;
			};
			name = Release;
		};
		D75B262E186D85B800C3C33E /* Debug */ = {
			isa = XCBuildConfiguration;
			buildSettings = {
				ASSETCATALOG_COMPILER_APPICON_NAME = AppIcon;
				ASSETCATALOG_COMPILER_LAUNCHIMAGE_NAME = LaunchImage;
				FRAMEWORK_SEARCH_PATHS = (
					"$(inherited)",
					/Users/shephertztechnologies/Desktop/Rajeev/App42_iOS_Samples/LocateByYourSelf,
				);
				GCC_PRECOMPILE_PREFIX_HEADER = YES;
				GCC_PREFIX_HEADER = "LocateByYourSelf/LocateByYourSelf-Prefix.pch";
				INFOPLIST_FILE = "LocateByYourSelf/LocateByYourSelf-Info.plist";
				PRODUCT_NAME = "$(TARGET_NAME)";
				WRAPPER_EXTENSION = app;
			};
			name = Debug;
		};
		D75B262F186D85B800C3C33E /* Release */ = {
			isa = XCBuildConfiguration;
			buildSettings = {
				ASSETCATALOG_COMPILER_APPICON_NAME = AppIcon;
				ASSETCATALOG_COMPILER_LAUNCHIMAGE_NAME = LaunchImage;
				FRAMEWORK_SEARCH_PATHS = (
					"$(inherited)",
					/Users/shephertztechnologies/Desktop/Rajeev/App42_iOS_Samples/LocateByYourSelf,
				);
				GCC_PRECOMPILE_PREFIX_HEADER = YES;
				GCC_PREFIX_HEADER = "LocateByYourSelf/LocateByYourSelf-Prefix.pch";
				INFOPLIST_FILE = "LocateByYourSelf/LocateByYourSelf-Info.plist";
				PRODUCT_NAME = "$(TARGET_NAME)";
				WRAPPER_EXTENSION = app;
			};
			name = Release;
		};
		D75B2631186D85B800C3C33E /* Debug */ = {
			isa = XCBuildConfiguration;
			buildSettings = {
				ARCHS = "$(ARCHS_STANDARD_INCLUDING_64_BIT)";
				BUNDLE_LOADER = "$(BUILT_PRODUCTS_DIR)/LocateByYourSelf.app/LocateByYourSelf";
				FRAMEWORK_SEARCH_PATHS = (
					"$(SDKROOT)/Developer/Library/Frameworks",
					"$(inherited)",
					"$(DEVELOPER_FRAMEWORKS_DIR)",
				);
				GCC_PRECOMPILE_PREFIX_HEADER = YES;
				GCC_PREFIX_HEADER = "LocateByYourSelf/LocateByYourSelf-Prefix.pch";
				GCC_PREPROCESSOR_DEFINITIONS = (
					"DEBUG=1",
					"$(inherited)",
				);
				INFOPLIST_FILE = "LocateByYourSelfTests/LocateByYourSelfTests-Info.plist";
				PRODUCT_NAME = "$(TARGET_NAME)";
				TEST_HOST = "$(BUNDLE_LOADER)";
				WRAPPER_EXTENSION = xctest;
			};
			name = Debug;
		};
		D75B2632186D85B800C3C33E /* Release */ = {
			isa = XCBuildConfiguration;
			buildSettings = {
				ARCHS = "$(ARCHS_STANDARD_INCLUDING_64_BIT)";
				BUNDLE_LOADER = "$(BUILT_PRODUCTS_DIR)/LocateByYourSelf.app/LocateByYourSelf";
				FRAMEWORK_SEARCH_PATHS = (
					"$(SDKROOT)/Developer/Library/Frameworks",
					"$(inherited)",
					"$(DEVELOPER_FRAMEWORKS_DIR)",
				);
				GCC_PRECOMPILE_PREFIX_HEADER = YES;
				GCC_PREFIX_HEADER = "LocateByYourSelf/LocateByYourSelf-Prefix.pch";
				INFOPLIST_FILE = "LocateByYourSelfTests/LocateByYourSelfTests-Info.plist";
				PRODUCT_NAME = "$(TARGET_NAME)";
				TEST_HOST = "$(BUNDLE_LOADER)";
				WRAPPER_EXTENSION = xctest;
			};
			name = Release;
		};
/* End XCBuildConfiguration section */

/* Begin XCConfigurationList section */
		D75B25F6186D85B700C3C33E /* Build configuration list for PBXProject "LocateByYourSelf" */ = {
			isa = XCConfigurationList;
			buildConfigurations = (
				D75B262B186D85B800C3C33E /* Debug */,
				D75B262C186D85B800C3C33E /* Release */,
			);
			defaultConfigurationIsVisible = 0;
			defaultConfigurationName = Release;
		};
		D75B262D186D85B800C3C33E /* Build configuration list for PBXNativeTarget "LocateByYourSelf" */ = {
			isa = XCConfigurationList;
			buildConfigurations = (
				D75B262E186D85B800C3C33E /* Debug */,
				D75B262F186D85B800C3C33E /* Release */,
			);
			defaultConfigurationIsVisible = 0;
			defaultConfigurationName = Release;
		};
		D75B2630186D85B800C3C33E /* Build configuration list for PBXNativeTarget "LocateByYourSelfTests" */ = {
			isa = XCConfigurationList;
			buildConfigurations = (
				D75B2631186D85B800C3C33E /* Debug */,
				D75B2632186D85B800C3C33E /* Release */,
			);
			defaultConfigurationIsVisible = 0;
			defaultConfigurationName = Release;
		};
/* End XCConfigurationList section */
	};
	rootObject = D75B25F3186D85B700C3C33E /* Project object */;
}
